
Microsoft Visual Studio Solution File, Format Version 12.00
# Visual Studio Version 16
VisualStudioVersion = 16.0.31729.503
MinimumVisualStudioVersion = 10.0.40219.1
Project("{FAE04EC0-301F-11D3-BF4B-00C04F79EFBC}") = "Uppgift3", "Uppgift3\Uppgift3.csproj", "{0BC5BA36-527B-4C38-8CFB-FB4B820C61CC}"
EndProject
Global
	GlobalSection(SolutionConfigurationPlatforms) = preSolution
		Debug|Any CPU = Debug|Any CPU
		Release|Any CPU = Release|Any CPU
	EndGlobalSection
	GlobalSection(ProjectConfigurationPlatforms) = postSolution
		{0BC5BA36-527B-4C38-8CFB-FB4B820C61CC}.Debug|Any CPU.ActiveCfg = Debug|Any CPU
		{0BC5BA36-527B-4C38-8CFB-FB4B820C61CC}.Debug|Any CPU.Build.0 = Debug|Any CPU
		{0BC5BA36-527B-4C38-8CFB-FB4B820C61CC}.Release|Any CPU.ActiveCfg = Release|Any CPU
		{0BC5BA36-527B-4C38-8CFB-FB4B820C61CC}.Release|Any CPU.Build.0 = Release|Any CPU
	EndGlobalSection
	GlobalSection(SolutionProperties) = preSolution
		HideSolutionNode = FALSE
	EndGlobalSection
	GlobalSection(ExtensibilityGlobals) = postSolution
		SolutionGuid = {A846E637-3259-4D9C-9C5E-B8CB5132ABF0}
	EndGlobalSection
EndGlobal
